
Microsoft Visual Studio Solution File, Format Version 12.00
# Visual Studio Version 17
VisualStudioVersion = 17.14.36930.0 d17.14
MinimumVisualStudioVersion = 10.0.40219.1
Project("{FAE04EC0-301F-11D3-BF4B-00C04F79EFBC}") = "Northwind.WebApi.Service", "Northwind.WebApi.Service\Northwind.WebApi.Service.csproj", "{76A8D53F-8C91-40DC-8197-F37AB76A3146}"
EndProject
Global
	GlobalSection(SolutionConfigurationPlatforms) = preSolution
		Debug|Any CPU = Debug|Any CPU
		Release|Any CPU = Release|Any CPU
	EndGlobalSection
	GlobalSection(ProjectConfigurationPlatforms) = postSolution
		{76A8D53F-8C91-40DC-8197-F37AB76A3146}.Debug|Any CPU.ActiveCfg = Debug|Any CPU
		{76A8D53F-8C91-40DC-8197-F37AB76A3146}.Debug|Any CPU.Build.0 = Debug|Any CPU
		{76A8D53F-8C91-40DC-8197-F37AB76A3146}.Release|Any CPU.ActiveCfg = Release|Any CPU
		{76A8D53F-8C91-40DC-8197-F37AB76A3146}.Release|Any CPU.Build.0 = Release|Any CPU
	EndGlobalSection
	GlobalSection(SolutionProperties) = preSolution
		HideSolutionNode = FALSE
	EndGlobalSection
	GlobalSection(ExtensibilityGlobals) = postSolution
		SolutionGuid = {B4416F67-52A0-4161-AB21-284DDA7B5B5B}
	EndGlobalSection
EndGlobal
